
Microsoft Visual Studio Solution File, Format Version 12.00
# Visual Studio 15
VisualStudioVersion = 15.0.26730.10
MinimumVisualStudioVersion = 10.0.40219.1
Project("{FAE04EC0-301F-11D3-BF4B-00C04F79EFBC}") = "XamarinSample.Android", "XamarinSample\XamarinSample.Android\XamarinSample.Android.csproj", "{9E871591-D1E4-48B6-9AFD-4EB8219769EE}"
EndProject
Project("{FAE04EC0-301F-11D3-BF4B-00C04F79EFBC}") = "XamarinSample", "XamarinSample\XamarinSample\XamarinSample.csproj", "{312F004C-D0CA-4D05-8DC4-DD89337392CB}"
EndProject
Project("{FAE04EC0-301F-11D3-BF4B-00C04F79EFBC}") = "XamarinSample.UWP", "XamarinSample\XamarinSample.UWP\XamarinSample.UWP.csproj", "{2897DA86-FF3C-4E8C-A673-3796B4DD1B48}"
EndProject
Project("{FAE04EC0-301F-11D3-BF4B-00C04F79EFBC}") = "XamarinSample.iOS", "XamarinSample\XamarinSample.iOS\XamarinSample.iOS.csproj", "{8E55D753-67F3-4903-973D-E45A8F4AFC9A}"
EndProject
Global
	GlobalSection(SolutionConfigurationPlatforms) = preSolution
		Ad-Hoc|Any CPU = Ad-Hoc|Any CPU
		Ad-Hoc|ARM = Ad-Hoc|ARM
		Ad-Hoc|iPhone = Ad-Hoc|iPhone
		Ad-Hoc|iPhoneSimulator = Ad-Hoc|iPhoneSimulator
		Ad-Hoc|x64 = Ad-Hoc|x64
		Ad-Hoc|x86 = Ad-Hoc|x86
		AppStore|Any CPU = AppStore|Any CPU
		AppStore|ARM = AppStore|ARM
		AppStore|iPhone = AppStore|iPhone
		AppStore|iPhoneSimulator = AppStore|iPhoneSimulator
		AppStore|x64 = AppStore|x64
		AppStore|x86 = AppStore|x86
		Debug|Any CPU = Debug|Any CPU
		Debug|ARM = Debug|ARM
		Debug|iPhone = Debug|iPhone
		Debug|iPhoneSimulator = Debug|iPhoneSimulator
		Debug|x64 = Debug|x64
		Debug|x86 = Debug|x86
		Release|Any CPU = Release|Any CPU
		Release|ARM = Release|ARM
		Release|iPhone = Release|iPhone
		Release|iPhoneSimulator = Release|iPhoneSimulator
		Release|x64 = Release|x64
		Release|x86 = Release|x86
	EndGlobalSection
	GlobalSection(ProjectConfigurationPlatforms) = postSolution
		{9E871591-D1E4-48B6-9AFD-4EB8219769EE}.Ad-Hoc|Any CPU.ActiveCfg = Release|Any CPU
		{9E871591-D1E4-48B6-9AFD-4EB8219769EE}.Ad-Hoc|Any CPU.Build.0 = Release|Any CPU
		{9E871591-D1E4-48B6-9AFD-4EB8219769EE}.Ad-Hoc|Any CPU.Deploy.0 = Release|Any CPU
		{9E871591-D1E4-48B6-9AFD-4EB8219769EE}.Ad-Hoc|ARM.ActiveCfg = Release|Any CPU
		{9E871591-D1E4-48B6-9AFD-4EB8219769EE}.Ad-Hoc|ARM.Build.0 = Release|Any CPU
		{9E871591-D1E4-48B6-9AFD-4EB8219769EE}.Ad-Hoc|ARM.Deploy.0 = Release|Any CPU
		{9E871591-D1E4-48B6-9AFD-4EB8219769EE}.Ad-Hoc|iPhone.ActiveCfg = Release|Any CPU
		{9E871591-D1E4-48B6-9AFD-4EB8219769EE}.Ad-Hoc|iPhone.Build.0 = Release|Any CPU
		{9E871591-D1E4-48B6-9AFD-4EB8219769EE}.Ad-Hoc|iPhone.Deploy.0 = Release|Any CPU
		{9E871591-D1E4-48B6-9AFD-4EB8219769EE}.Ad-Hoc|iPhoneSimulator.ActiveCfg = Release|Any CPU
		{9E871591-D1E4-48B6-9AFD-4EB8219769EE}.Ad-Hoc|iPhoneSimulator.Build.0 = Release|Any CPU
		{9E871591-D1E4-48B6-9AFD-4EB8219769EE}.Ad-Hoc|iPhoneSimulator.Deploy.0 = Release|Any CPU
		{9E871591-D1E4-48B6-9AFD-4EB8219769EE}.Ad-Hoc|x64.ActiveCfg = Release|Any CPU
		{9E871591-D1E4-48B6-9AFD-4EB8219769EE}.Ad-Hoc|x64.Build.0 = Release|Any CPU
		{9E871591-D1E4-48B6-9AFD-4EB8219769EE}.Ad-Hoc|x64.Deploy.0 = Release|Any CPU
		{9E871591-D1E4-48B6-9AFD-4EB8219769EE}.Ad-Hoc|x86.ActiveCfg = Release|Any CPU
		{9E871591-D1E4-48B6-9AFD-4EB8219769EE}.Ad-Hoc|x86.Build.0 = Release|Any CPU
		{9E871591-D1E4-48B6-9AFD-4EB8219769EE}.Ad-Hoc|x86.Deploy.0 = Release|Any CPU
		{9E871591-D1E4-48B6-9AFD-4EB8219769EE}.AppStore|Any CPU.ActiveCfg = Release|Any CPU
		{9E871591-D1E4-48B6-9AFD-4EB8219769EE}.AppStore|Any CPU.Build.0 = Release|Any CPU
		{9E871591-D1E4-48B6-9AFD-4EB8219769EE}.AppStore|Any CPU.Deploy.0 = Release|Any CPU
		{9E871591-D1E4-48B6-9AFD-4EB8219769EE}.AppStore|ARM.ActiveCfg = Release|Any CPU
		{9E871591-D1E4-48B6-9AFD-4EB8219769EE}.AppStore|ARM.Build.0 = Release|Any CPU
		{9E871591-D1E4-48B6-9AFD-4EB8219769EE}.AppStore|ARM.Deploy.0 = Release|Any CPU
		{9E871591-D1E4-48B6-9AFD-4EB8219769EE}.AppStore|iPhone.ActiveCfg = Release|Any CPU
		{9E871591-D1E4-48B6-9AFD-4EB8219769EE}.AppStore|iPhone.Build.0 = Release|Any CPU
		{9E871591-D1E4-48B6-9AFD-4EB8219769EE}.AppStore|iPhone.Deploy.0 = Release|Any CPU
		{9E871591-D1E4-48B6-9AFD-4EB8219769EE}.AppStore|iPhoneSimulator.ActiveCfg = Release|Any CPU
		{9E871591-D1E4-48B6-9AFD-4EB8219769EE}.AppStore|iPhoneSimulator.Build.0 = Release|Any CPU
		{9E871591-D1E4-48B6-9AFD-4EB8219769EE}.AppStore|iPhoneSimulator.Deploy.0 = Release|Any CPU
		{9E871591-D1E4-48B6-9AFD-4EB8219769EE}.AppStore|x64.ActiveCfg = Release|Any CPU
		{9E871591-D1E4-48B6-9AFD-4EB8219769EE}.AppStore|x64.Build.0 = Release|Any CPU
		{9E871591-D1E4-48B6-9AFD-4EB8219769EE}.AppStore|x64.Deploy.0 = Release|Any CPU
		{9E871591-D1E4-48B6-9AFD-4EB8219769EE}.AppStore|x86.ActiveCfg = Release|Any CPU
		{9E871591-D1E4-48B6-9AFD-4EB8219769EE}.AppStore|x86.Build.0 = Release|Any CPU
		{9E871591-D1E4-48B6-9AFD-4EB8219769EE}.AppStore|x86.Deploy.0 = Release|Any CPU
		{9E871591-D1E4-48B6-9AFD-4EB8219769EE}.Debug|Any CPU.ActiveCfg = Debug|Any CPU
		{9E871591-D1E4-48B6-9AFD-4EB8219769EE}.Debug|Any CPU.Build.0 = Debug|Any CPU
		{9E871591-D1E4-48B6-9AFD-4EB8219769EE}.Debug|Any CPU.Deploy.0 = Debug|Any CPU
		{9E871591-D1E4-48B6-9AFD-4EB8219769EE}.Debug|ARM.ActiveCfg = Debug|Any CPU
		{9E871591-D1E4-48B6-9AFD-4EB8219769EE}.Debug|ARM.Build.0 = Debug|Any CPU
		{9E871591-D1E4-48B6-9AFD-4EB8219769EE}.Debug|ARM.Deploy.0 = Debug|Any CPU
		{9E871591-D1E4-48B6-9AFD-4EB8219769EE}.Debug|iPhone.ActiveCfg = Debug|Any CPU
		{9E871591-D1E4-48B6-9AFD-4EB8219769EE}.Debug|iPhone.Build.0 = Debug|Any CPU
		{9E871591-D1E4-48B6-9AFD-4EB8219769EE}.Debug|iPhone.Deploy.0 = Debug|Any CPU
		{9E871591-D1E4-48B6-9AFD-4EB8219769EE}.Debug|iPhoneSimulator.ActiveCfg = Debug|Any CPU
		{9E871591-D1E4-48B6-9AFD-4EB8219769EE}.Debug|iPhoneSimulator.Build.0 = Debug|Any CPU
		{9E871591-D1E4-48B6-9AFD-4EB8219769EE}.Debug|iPhoneSimulator.Deploy.0 = Debug|Any CPU
		{9E871591-D1E4-48B6-9AFD-4EB8219769EE}.Debug|x64.ActiveCfg = Debug|Any CPU
		{9E871591-D1E4-48B6-9AFD-4EB8219769EE}.Debug|x64.Build.0 = Debug|Any CPU
		{9E871591-D1E4-48B6-9AFD-4EB8219769EE}.Debug|x64.Deploy.0 = Debug|Any CPU
		{9E871591-D1E4-48B6-9AFD-4EB8219769EE}.Debug|x86.ActiveCfg = Debug|Any CPU
		{9E871591-D1E4-48B6-9AFD-4EB8219769EE}.Debug|x86.Build.0 = Debug|Any CPU
		{9E871591-D1E4-48B6-9AFD-4EB8219769EE}.Debug|x86.Deploy.0 = Debug|Any CPU
		{9E871591-D1E4-48B6-9AFD-4EB8219769EE}.Release|Any CPU.ActiveCfg = Release|Any CPU
		{9E871591-D1E4-48B6-9AFD-4EB8219769EE}.Release|Any CPU.Build.0 = Release|Any CPU
		{9E871591-D1E4-48B6-9AFD-4EB8219769EE}.Release|Any CPU.Deploy.0 = Release|Any CPU
		{9E871591-D1E4-48B6-9AFD-4EB8219769EE}.Release|ARM.ActiveCfg = Release|Any CPU
		{9E871591-D1E4-48B6-9AFD-4EB8219769EE}.Release|ARM.Build.0 = Release|Any CPU
		{9E871591-D1E4-48B6-9AFD-4EB8219769EE}.Release|ARM.Deploy.0 = Release|Any CPU
		{9E871591-D1E4-48B6-9AFD-4EB8219769EE}.Release|iPhone.ActiveCfg = Release|Any CPU
		{9E871591-D1E4-48B6-9AFD-4EB8219769EE}.Release|iPhone.Build.0 = Release|Any CPU
		{9E871591-D1E4-48B6-9AFD-4EB8219769EE}.Release|iPhone.Deploy.0 = Release|Any CPU
		{9E871591-D1E4-48B6-9AFD-4EB8219769EE}.Release|iPhoneSimulator.ActiveCfg = Release|Any CPU
		{9E871591-D1E4-48B6-9AFD-4EB8219769EE}.Release|iPhoneSimulator.Build.0 = Release|Any CPU
		{9E871591-D1E4-48B6-9AFD-4EB8219769EE}.Release|iPhoneSimulator.Deploy.0 = Release|Any CPU
		{9E871591-D1E4-48B6-9AFD-4EB8219769EE}.Release|x64.ActiveCfg = Release|Any CPU
		{9E871591-D1E4-48B6-9AFD-4EB8219769EE}.Release|x64.Build.0 = Release|Any CPU
		{9E871591-D1E4-48B6-9AFD-4EB8219769EE}.Release|x64.Deploy.0 = Release|Any CPU
		{9E871591-D1E4-48B6-9AFD-4EB8219769EE}.Release|x86.ActiveCfg = Release|Any CPU
		{9E871591-D1E4-48B6-9AFD-4EB8219769EE}.Release|x86.Build.0 = Release|Any CPU
		{9E871591-D1E4-48B6-9AFD-4EB8219769EE}.Release|x86.Deploy.0 = Release|Any CPU
		{312F004C-D0CA-4D05-8DC4-DD89337392CB}.Ad-Hoc|Any CPU.ActiveCfg = Release|Any CPU
		{312F004C-D0CA-4D05-8DC4-DD89337392CB}.Ad-Hoc|Any CPU.Build.0 = Release|Any CPU
		{312F004C-D0CA-4D05-8DC4-DD89337392CB}.Ad-Hoc|ARM.ActiveCfg = Release|Any CPU
		{312F004C-D0CA-4D05-8DC4-DD89337392CB}.Ad-Hoc|ARM.Build.0 = Release|Any CPU
		{312F004C-D0CA-4D05-8DC4-DD89337392CB}.Ad-Hoc|iPhone.ActiveCfg = Release|Any CPU
		{312F004C-D0CA-4D05-8DC4-DD89337392CB}.Ad-Hoc|iPhone.Build.0 = Release|Any CPU
		{312F004C-D0CA-4D05-8DC4-DD89337392CB}.Ad-Hoc|iPhoneSimulator.ActiveCfg = Release|Any CPU
		{312F004C-D0CA-4D05-8DC4-DD89337392CB}.Ad-Hoc|iPhoneSimulator.Build.0 = Release|Any CPU
		{312F004C-D0CA-4D05-8DC4-DD89337392CB}.Ad-Hoc|x64.ActiveCfg = Release|Any CPU
		{312F004C-D0CA-4D05-8DC4-DD89337392CB}.Ad-Hoc|x64.Build.0 = Release|Any CPU
		{312F004C-D0CA-4D05-8DC4-DD89337392CB}.Ad-Hoc|x86.ActiveCfg = Release|Any CPU
		{312F004C-D0CA-4D05-8DC4-DD89337392CB}.Ad-Hoc|x86.Build.0 = Release|Any CPU
		{312F004C-D0CA-4D05-8DC4-DD89337392CB}.AppStore|Any CPU.ActiveCfg = Release|Any CPU
		{312F004C-D0CA-4D05-8DC4-DD89337392CB}.AppStore|Any CPU.Build.0 = Release|Any CPU
		{312F004C-D0CA-4D05-8DC4-DD89337392CB}.AppStore|ARM.ActiveCfg = Release|Any CPU
		{312F004C-D0CA-4D05-8DC4-DD89337392CB}.AppStore|ARM.Build.0 = Release|Any CPU
		{312F004C-D0CA-4D05-8DC4-DD89337392CB}.AppStore|iPhone.ActiveCfg = Release|Any CPU
		{312F004C-D0CA-4D05-8DC4-DD89337392CB}.AppStore|iPhone.Build.0 = Release|Any CPU
		{312F004C-D0CA-4D05-8DC4-DD89337392CB}.AppStore|iPhoneSimulator.ActiveCfg = Release|Any CPU
		{312F004C-D0CA-4D05-8DC4-DD89337392CB}.AppStore|iPhoneSimulator.Build.0 = Release|Any CPU
		{312F004C-D0CA-4D05-8DC4-DD89337392CB}.AppStore|x64.ActiveCfg = Release|Any CPU
		{312F004C-D0CA-4D05-8DC4-DD89337392CB}.AppStore|x64.Build.0 = Release|Any CPU
		{312F004C-D0CA-4D05-8DC4-DD89337392CB}.AppStore|x86.ActiveCfg = Release|Any CPU
		{312F004C-D0CA-4D05-8DC4-DD89337392CB}.AppStore|x86.Build.0 = Release|Any CPU
		{312F004C-D0CA-4D05-8DC4-DD89337392CB}.Debug|Any CPU.ActiveCfg = Debug|Any CPU
		{312F004C-D0CA-4D05-8DC4-DD89337392CB}.Debug|Any CPU.Build.0 = Debug|Any CPU
		{312F004C-D0CA-4D05-8DC4-DD89337392CB}.Debug|ARM.ActiveCfg = Debug|Any CPU
		{312F004C-D0CA-4D05-8DC4-DD89337392CB}.Debug|ARM.Build.0 = Debug|Any CPU
		{312F004C-D0CA-4D05-8DC4-DD89337392CB}.Debug|iPhone.ActiveCfg = Debug|Any CPU
		{312F004C-D0CA-4D05-8DC4-DD89337392CB}.Debug|iPhone.Build.0 = Debug|Any CPU
		{312F004C-D0CA-4D05-8DC4-DD89337392CB}.Debug|iPhoneSimulator.ActiveCfg = Debug|Any CPU
		{312F004C-D0CA-4D05-8DC4-DD89337392CB}.Debug|iPhoneSimulator.Build.0 = Debug|Any CPU
		{312F004C-D0CA-4D05-8DC4-DD89337392CB}.Debug|x64.ActiveCfg = Debug|Any CPU
		{312F004C-D0CA-4D05-8DC4-DD89337392CB}.Debug|x64.Build.0 = Debug|Any CPU
		{312F004C-D0CA-4D05-8DC4-DD89337392CB}.Debug|x86.ActiveCfg = Debug|Any CPU
		{312F004C-D0CA-4D05-8DC4-DD89337392CB}.Debug|x86.Build.0 = Debug|Any CPU
		{312F004C-D0CA-4D05-8DC4-DD89337392CB}.Release|Any CPU.ActiveCfg = Release|Any CPU
		{312F004C-D0CA-4D05-8DC4-DD89337392CB}.Release|Any CPU.Build.0 = Release|Any CPU
		{312F004C-D0CA-4D05-8DC4-DD89337392CB}.Release|ARM.ActiveCfg = Release|Any CPU
		{312F004C-D0CA-4D05-8DC4-DD89337392CB}.Release|ARM.Build.0 = Release|Any CPU
		{312F004C-D0CA-4D05-8DC4-DD89337392CB}.Release|iPhone.ActiveCfg = Release|Any CPU
		{312F004C-D0CA-4D05-8DC4-DD89337392CB}.Release|iPhone.Build.0 = Release|Any CPU
		{312F004C-D0CA-4D05-8DC4-DD89337392CB}.Release|iPhoneSimulator.ActiveCfg = Release|Any CPU
		{312F004C-D0CA-4D05-8DC4-DD89337392CB}.Release|iPhoneSimulator.Build.0 = Release|Any CPU
		{312F004C-D0CA-4D05-8DC4-DD89337392CB}.Release|x64.ActiveCfg = Release|Any CPU
		{312F004C-D0CA-4D05-8DC4-DD89337392CB}.Release|x64.Build.0 = Release|Any CPU
		{312F004C-D0CA-4D05-8DC4-DD89337392CB}.Release|x86.ActiveCfg = Release|Any CPU
		{312F004C-D0CA-4D05-8DC4-DD89337392CB}.Release|x86.Build.0 = Release|Any CPU
		{2897DA86-FF3C-4E8C-A673-3796B4DD1B48}.Ad-Hoc|Any CPU.ActiveCfg = Release|x86
		{2897DA86-FF3C-4E8C-A673-3796B4DD1B48}.Ad-Hoc|Any CPU.Build.0 = Release|x86
		{2897DA86-FF3C-4E8C-A673-3796B4DD1B48}.Ad-Hoc|Any CPU.Deploy.0 = Release|x86
		{2897DA86-FF3C-4E8C-A673-3796B4DD1B48}.Ad-Hoc|ARM.ActiveCfg = Release|ARM
		{2897DA86-FF3C-4E8C-A673-3796B4DD1B48}.Ad-Hoc|ARM.Build.0 = Release|ARM
		{2897DA86-FF3C-4E8C-A673-3796B4DD1B48}.Ad-Hoc|ARM.Deploy.0 = Release|ARM
		{2897DA86-FF3C-4E8C-A673-3796B4DD1B48}.Ad-Hoc|iPhone.ActiveCfg = Release|x86
		{2897DA86-FF3C-4E8C-A673-3796B4DD1B48}.Ad-Hoc|iPhone.Build.0 = Release|x86
		{2897DA86-FF3C-4E8C-A673-3796B4DD1B48}.Ad-Hoc|iPhone.Deploy.0 = Release|x86
		{2897DA86-FF3C-4E8C-A673-3796B4DD1B48}.Ad-Hoc|iPhoneSimulator.ActiveCfg = Release|x86
		{2897DA86-FF3C-4E8C-A673-3796B4DD1B48}.Ad-Hoc|iPhoneSimulator.Build.0 = Release|x86
		{2897DA86-FF3C-4E8C-A673-3796B4DD1B48}.Ad-Hoc|iPhoneSimulator.Deploy.0 = Release|x86
		{2897DA86-FF3C-4E8C-A673-3796B4DD1B48}.Ad-Hoc|x64.ActiveCfg = Release|x64
		{2897DA86-FF3C-4E8C-A673-3796B4DD1B48}.Ad-Hoc|x64.Build.0 = Release|x64
		{2897DA86-FF3C-4E8C-A673-3796B4DD1B48}.Ad-Hoc|x64.Deploy.0 = Release|x64
		{2897DA86-FF3C-4E8C-A673-3796B4DD1B48}.Ad-Hoc|x86.ActiveCfg = Release|x86
		{2897DA86-FF3C-4E8C-A673-3796B4DD1B48}.Ad-Hoc|x86.Build.0 = Release|x86
		{2897DA86-FF3C-4E8C-A673-3796B4DD1B48}.Ad-Hoc|x86.Deploy.0 = Release|x86
		{2897DA86-FF3C-4E8C-A673-3796B4DD1B48}.AppStore|Any CPU.ActiveCfg = Release|x86
		{2897DA86-FF3C-4E8C-A673-3796B4DD1B48}.AppStore|Any CPU.Build.0 = Release|x86
		{2897DA86-FF3C-4E8C-A673-3796B4DD1B48}.AppStore|Any CPU.Deploy.0 = Release|x86
		{2897DA86-FF3C-4E8C-A673-3796B4DD1B48}.AppStore|ARM.ActiveCfg = Release|ARM
		{2897DA86-FF3C-4E8C-A673-3796B4DD1B48}.AppStore|ARM.Build.0 = Release|ARM
		{2897DA86-FF3C-4E8C-A673-3796B4DD1B48}.AppStore|ARM.Deploy.0 = Release|ARM
		{2897DA86-FF3C-4E8C-A673-3796B4DD1B48}.AppStore|iPhone.ActiveCfg = Release|x86
		{2897DA86-FF3C-4E8C-A673-3796B4DD1B48}.AppStore|iPhone.Build.0 = Release|x86
		{2897DA86-FF3C-4E8C-A673-3796B4DD1B48}.AppStore|iPhone.Deploy.0 = Release|x86
		{2897DA86-FF3C-4E8C-A673-3796B4DD1B48}.AppStore|iPhoneSimulator.ActiveCfg = Release|x86
		{2897DA86-FF3C-4E8C-A673-3796B4DD1B48}.AppStore|iPhoneSimulator.Build.0 = Release|x86
		{2897DA86-FF3C-4E8C-A673-3796B4DD1B48}.AppStore|iPhoneSimulator.Deploy.0 = Release|x86
		{2897DA86-FF3C-4E8C-A673-3796B4DD1B48}.AppStore|x64.ActiveCfg = Release|x64
		{2897DA86-FF3C-4E8C-A673-3796B4DD1B48}.AppStore|x64.Build.0 = Release|x64
		{2897DA86-FF3C-4E8C-A673-3796B4DD1B48}.AppStore|x64.Deploy.0 = Release|x64
		{2897DA86-FF3C-4E8C-A673-3796B4DD1B48}.AppStore|x86.ActiveCfg = Release|x86
		{2897DA86-FF3C-4E8C-A673-3796B4DD1B48}.AppStore|x86.Build.0 = Release|x86
		{2897DA86-FF3C-4E8C-A673-3796B4DD1B48}.AppStore|x86.Deploy.0 = Release|x86
		{2897DA86-FF3C-4E8C-A673-3796B4DD1B48}.Debug|Any CPU.ActiveCfg = Debug|x86
		{2897DA86-FF3C-4E8C-A673-3796B4DD1B48}.Debug|ARM.ActiveCfg = Debug|ARM
		{2897DA86-FF3C-4E8C-A673-3796B4DD1B48}.Debug|ARM.Build.0 = Debug|ARM
		{2897DA86-FF3C-4E8C-A673-3796B4DD1B48}.Debug|ARM.Deploy.0 = Debug|ARM
		{2897DA86-FF3C-4E8C-A673-3796B4DD1B48}.Debug|iPhone.ActiveCfg = Debug|x86
		{2897DA86-FF3C-4E8C-A673-3796B4DD1B48}.Debug|iPhoneSimulator.ActiveCfg = Debug|x86
		{2897DA86-FF3C-4E8C-A673-3796B4DD1B48}.Debug|x64.ActiveCfg = Debug|x64
		{2897DA86-FF3C-4E8C-A673-3796B4DD1B48}.Debug|x64.Build.0 = Debug|x64
		{2897DA86-FF3C-4E8C-A673-3796B4DD1B48}.Debug|x64.Deploy.0 = Debug|x64
		{2897DA86-FF3C-4E8C-A673-3796B4DD1B48}.Debug|x86.ActiveCfg = Debug|x86
		{2897DA86-FF3C-4E8C-A673-3796B4DD1B48}.Debug|x86.Build.0 = Debug|x86
		{2897DA86-FF3C-4E8C-A673-3796B4DD1B48}.Debug|x86.Deploy.0 = Debug|x86
		{2897DA86-FF3C-4E8C-A673-3796B4DD1B48}.Release|Any CPU.ActiveCfg = Release|x86
		{2897DA86-FF3C-4E8C-A673-3796B4DD1B48}.Release|ARM.ActiveCfg = Release|ARM
		{2897DA86-FF3C-4E8C-A673-3796B4DD1B48}.Release|ARM.Build.0 = Release|ARM
		{2897DA86-FF3C-4E8C-A673-3796B4DD1B48}.Release|ARM.Deploy.0 = Release|ARM
		{2897DA86-FF3C-4E8C-A673-3796B4DD1B48}.Release|iPhone.ActiveCfg = Release|x86
		{2897DA86-FF3C-4E8C-A673-3796B4DD1B48}.Release|iPhoneSimulator.ActiveCfg = Release|x86
		{2897DA86-FF3C-4E8C-A673-3796B4DD1B48}.Release|x64.ActiveCfg = Release|x64
		{2897DA86-FF3C-4E8C-A673-3796B4DD1B48}.Release|x64.Build.0 = Release|x64
		{2897DA86-FF3C-4E8C-A673-3796B4DD1B48}.Release|x64.Deploy.0 = Release|x64
		{2897DA86-FF3C-4E8C-A673-3796B4DD1B48}.Release|x86.ActiveCfg = Release|x86
		{2897DA86-FF3C-4E8C-A673-3796B4DD1B48}.Release|x86.Build.0 = Release|x86
		{2897DA86-FF3C-4E8C-A673-3796B4DD1B48}.Release|x86.Deploy.0 = Release|x86
		{8E55D753-67F3-4903-973D-E45A8F4AFC9A}.Ad-Hoc|Any CPU.ActiveCfg = Ad-Hoc|iPhone
		{8E55D753-67F3-4903-973D-E45A8F4AFC9A}.Ad-Hoc|ARM.ActiveCfg = Ad-Hoc|iPhone
		{8E55D753-67F3-4903-973D-E45A8F4AFC9A}.Ad-Hoc|iPhone.ActiveCfg = Ad-Hoc|iPhone
		{8E55D753-67F3-4903-973D-E45A8F4AFC9A}.Ad-Hoc|iPhone.Build.0 = Ad-Hoc|iPhone
		{8E55D753-67F3-4903-973D-E45A8F4AFC9A}.Ad-Hoc|iPhoneSimulator.ActiveCfg = Ad-Hoc|iPhoneSimulator
		{8E55D753-67F3-4903-973D-E45A8F4AFC9A}.Ad-Hoc|iPhoneSimulator.Build.0 = Ad-Hoc|iPhoneSimulator
		{8E55D753-67F3-4903-973D-E45A8F4AFC9A}.Ad-Hoc|x64.ActiveCfg = Ad-Hoc|iPhone
		{8E55D753-67F3-4903-973D-E45A8F4AFC9A}.Ad-Hoc|x86.ActiveCfg = Ad-Hoc|iPhone
		{8E55D753-67F3-4903-973D-E45A8F4AFC9A}.AppStore|Any CPU.ActiveCfg = AppStore|iPhone
		{8E55D753-67F3-4903-973D-E45A8F4AFC9A}.AppStore|ARM.ActiveCfg = AppStore|iPhone
		{8E55D753-67F3-4903-973D-E45A8F4AFC9A}.AppStore|iPhone.ActiveCfg = AppStore|iPhone
		{8E55D753-67F3-4903-973D-E45A8F4AFC9A}.AppStore|iPhone.Build.0 = AppStore|iPhone
		{8E55D753-67F3-4903-973D-E45A8F4AFC9A}.AppStore|iPhoneSimulator.ActiveCfg = AppStore|iPhoneSimulator
		{8E55D753-67F3-4903-973D-E45A8F4AFC9A}.AppStore|iPhoneSimulator.Build.0 = AppStore|iPhoneSimulator
		{8E55D753-67F3-4903-973D-E45A8F4AFC9A}.AppStore|x64.ActiveCfg = AppStore|iPhone
		{8E55D753-67F3-4903-973D-E45A8F4AFC9A}.AppStore|x86.ActiveCfg = AppStore|iPhone
		{8E55D753-67F3-4903-973D-E45A8F4AFC9A}.Debug|Any CPU.ActiveCfg = Debug|iPhone
		{8E55D753-67F3-4903-973D-E45A8F4AFC9A}.Debug|ARM.ActiveCfg = Debug|iPhone
		{8E55D753-67F3-4903-973D-E45A8F4AFC9A}.Debug|iPhone.ActiveCfg = Debug|iPhone
		{8E55D753-67F3-4903-973D-E45A8F4AFC9A}.Debug|iPhone.Build.0 = Debug|iPhone
		{8E55D753-67F3-4903-973D-E45A8F4AFC9A}.Debug|iPhoneSimulator.ActiveCfg = Debug|iPhoneSimulator
		{8E55D753-67F3-4903-973D-E45A8F4AFC9A}.Debug|iPhoneSimulator.Build.0 = Debug|iPhoneSimulator
		{8E55D753-67F3-4903-973D-E45A8F4AFC9A}.Debug|x64.ActiveCfg = Debug|iPhone
		{8E55D753-67F3-4903-973D-E45A8F4AFC9A}.Debug|x86.ActiveCfg = Debug|iPhone
		{8E55D753-67F3-4903-973D-E45A8F4AFC9A}.Release|Any CPU.ActiveCfg = Release|iPhone
		{8E55D753-67F3-4903-973D-E45A8F4AFC9A}.Release|ARM.ActiveCfg = Release|iPhone
		{8E55D753-67F3-4903-973D-E45A8F4AFC9A}.Release|iPhone.ActiveCfg = Release|iPhone
		{8E55D753-67F3-4903-973D-E45A8F4AFC9A}.Release|iPhone.Build.0 = Release|iPhone
		{8E55D753-67F3-4903-973D-E45A8F4AFC9A}.Release|iPhoneSimulator.ActiveCfg = Release|iPhoneSimulator
		{8E55D753-67F3-4903-973D-E45A8F4AFC9A}.Release|iPhoneSimulator.Build.0 = Release|iPhoneSimulator
		{8E55D753-67F3-4903-973D-E45A8F4AFC9A}.Release|x64.ActiveCfg = Release|iPhone
		{8E55D753-67F3-4903-973D-E45A8F4AFC9A}.Release|x86.ActiveCfg = Release|iPhone
	EndGlobalSection
	GlobalSection(SolutionProperties) = preSolution
		HideSolutionNode = FALSE
	EndGlobalSection
	GlobalSection(ExtensibilityGlobals) = postSolution
		SolutionGuid = {679FC26D-D915-4317-B91C-FBE5C5CF0C06}
	EndGlobalSection
EndGlobal
